
Microsoft Visual Studio Solution File, Format Version 12.00
# Visual Studio Version 17
VisualStudioVersion = 17.0.31903.59
MinimumVisualStudioVersion = 10.0.40219.1
Project("{FAE04EC0-301F-11D3-BF4B-00C04F79EFBC}") = "Ecosphere", "Ecosphere\Ecosphere.csproj", "{27BA0086-D678-46AB-9998-463D85689741}"
EndProject
Project("{FAE04EC0-301F-11D3-BF4B-00C04F79EFBC}") = "Ecosphere.Infrastructure", "Ecosphere.Infrastructure\Ecosphere.Infrastructure.csproj", "{BC769D51-B4CF-435D-8CF0-C280D8E259FF}"
EndProject
Global
	GlobalSection(SolutionConfigurationPlatforms) = preSolution
		Debug|Any CPU = Debug|Any CPU
		Debug|x64 = Debug|x64
		Debug|x86 = Debug|x86
		Release|Any CPU = Release|Any CPU
		Release|x64 = Release|x64
		Release|x86 = Release|x86
	EndGlobalSection
	GlobalSection(ProjectConfigurationPlatforms) = postSolution
		{27BA0086-D678-46AB-9998-463D85689741}.Debug|Any CPU.ActiveCfg = Debug|Any CPU
		{27BA0086-D678-46AB-9998-463D85689741}.Debug|Any CPU.Build.0 = Debug|Any CPU
		{27BA0086-D678-46AB-9998-463D85689741}.Debug|x64.ActiveCfg = Debug|Any CPU
		{27BA0086-D678-46AB-9998-463D85689741}.Debug|x64.Build.0 = Debug|Any CPU
		{27BA0086-D678-46AB-9998-463D85689741}.Debug|x86.ActiveCfg = Debug|Any CPU
		{27BA0086-D678-46AB-9998-463D85689741}.Debug|x86.Build.0 = Debug|Any CPU
		{27BA0086-D678-46AB-9998-463D85689741}.Release|Any CPU.ActiveCfg = Release|Any CPU
		{27BA0086-D678-46AB-9998-463D85689741}.Release|Any CPU.Build.0 = Release|Any CPU
		{27BA0086-D678-46AB-9998-463D85689741}.Release|x64.ActiveCfg = Release|Any CPU
		{27BA0086-D678-46AB-9998-463D85689741}.Release|x64.Build.0 = Release|Any CPU
		{27BA0086-D678-46AB-9998-463D85689741}.Release|x86.ActiveCfg = Release|Any CPU
		{27BA0086-D678-46AB-9998-463D85689741}.Release|x86.Build.0 = Release|Any CPU
		{BC769D51-B4CF-435D-8CF0-C280D8E259FF}.Debug|Any CPU.ActiveCfg = Debug|Any CPU
		{BC769D51-B4CF-435D-8CF0-C280D8E259FF}.Debug|Any CPU.Build.0 = Debug|Any CPU
		{BC769D51-B4CF-435D-8CF0-C280D8E259FF}.Debug|x64.ActiveCfg = Debug|Any CPU
		{BC769D51-B4CF-435D-8CF0-C280D8E259FF}.Debug|x64.Build.0 = Debug|Any CPU
		{BC769D51-B4CF-435D-8CF0-C280D8E259FF}.Debug|x86.ActiveCfg = Debug|Any CPU
		{BC769D51-B4CF-435D-8CF0-C280D8E259FF}.Debug|x86.Build.0 = Debug|Any CPU
		{BC769D51-B4CF-435D-8CF0-C280D8E259FF}.Release|Any CPU.ActiveCfg = Release|Any CPU
		{BC769D51-B4CF-435D-8CF0-C280D8E259FF}.Release|Any CPU.Build.0 = Release|Any CPU
		{BC769D51-B4CF-435D-8CF0-C280D8E259FF}.Release|x64.ActiveCfg = Release|Any CPU
		{BC769D51-B4CF-435D-8CF0-C280D8E259FF}.Release|x64.Build.0 = Release|Any CPU
		{BC769D51-B4CF-435D-8CF0-C280D8E259FF}.Release|x86.ActiveCfg = Release|Any CPU
		{BC769D51-B4CF-435D-8CF0-C280D8E259FF}.Release|x86.Build.0 = Release|Any CPU
	EndGlobalSection
	GlobalSection(SolutionProperties) = preSolution
		HideSolutionNode = FALSE
	EndGlobalSection
EndGlobal
